
Microsoft Visual Studio Solution File, Format Version 12.00
# Visual Studio Version 17
VisualStudioVersion = 17.0.31919.166
MinimumVisualStudioVersion = 10.0.40219.1
Project("{9A19103F-16F7-4668-BE54-9A1E7A4F7556}") = "LibraryManagement.ConsoleApp", "Academy.Week2.Library\LibraryManagement.ConsoleApp.csproj", "{4CD1467F-B7A2-418A-8502-00EDB9197CB1}"
EndProject
Project("{FAE04EC0-301F-11D3-BF4B-00C04F79EFBC}") = "Library.Core", "Library.Core\Library.Core.csproj", "{A843439A-1F6C-4641-8917-E554E04063BA}"
EndProject
Project("{FAE04EC0-301F-11D3-BF4B-00C04F79EFBC}") = "Library.Mock", "Library.Mock\Library.Mock.csproj", "{CD685F50-4D63-4B3D-B8DE-F98F6E0F956E}"
EndProject
Global
	GlobalSection(SolutionConfigurationPlatforms) = preSolution
		Debug|Any CPU = Debug|Any CPU
		Release|Any CPU = Release|Any CPU
	EndGlobalSection
	GlobalSection(ProjectConfigurationPlatforms) = postSolution
		{4CD1467F-B7A2-418A-8502-00EDB9197CB1}.Debug|Any CPU.ActiveCfg = Debug|Any CPU
		{4CD1467F-B7A2-418A-8502-00EDB9197CB1}.Debug|Any CPU.Build.0 = Debug|Any CPU
		{4CD1467F-B7A2-418A-8502-00EDB9197CB1}.Release|Any CPU.ActiveCfg = Release|Any CPU
		{4CD1467F-B7A2-418A-8502-00EDB9197CB1}.Release|Any CPU.Build.0 = Release|Any CPU
		{A843439A-1F6C-4641-8917-E554E04063BA}.Debug|Any CPU.ActiveCfg = Debug|Any CPU
		{A843439A-1F6C-4641-8917-E554E04063BA}.Debug|Any CPU.Build.0 = Debug|Any CPU
		{A843439A-1F6C-4641-8917-E554E04063BA}.Release|Any CPU.ActiveCfg = Release|Any CPU
		{A843439A-1F6C-4641-8917-E554E04063BA}.Release|Any CPU.Build.0 = Release|Any CPU
		{CD685F50-4D63-4B3D-B8DE-F98F6E0F956E}.Debug|Any CPU.ActiveCfg = Debug|Any CPU
		{CD685F50-4D63-4B3D-B8DE-F98F6E0F956E}.Debug|Any CPU.Build.0 = Debug|Any CPU
		{CD685F50-4D63-4B3D-B8DE-F98F6E0F956E}.Release|Any CPU.ActiveCfg = Release|Any CPU
		{CD685F50-4D63-4B3D-B8DE-F98F6E0F956E}.Release|Any CPU.Build.0 = Release|Any CPU
	EndGlobalSection
	GlobalSection(SolutionProperties) = preSolution
		HideSolutionNode = FALSE
	EndGlobalSection
	GlobalSection(ExtensibilityGlobals) = postSolution
		SolutionGuid = {5CAC261A-EEC4-42B1-AC46-F3596DA3AF78}
	EndGlobalSection
EndGlobal
